// !$*UTF8*$!
{
	archiveVersion = 1;
	classes = {
	};
	objectVersion = 56;
	objects = {

/* Begin PBXBuildFile section */
		FC518B2A2AC0AF9B00479461 /* AppDelegate.swift in Sources */ = {isa = PBXBuildFile; fileRef = FC518B292AC0AF9B00479461 /* AppDelegate.swift */; };
		FC518B2C2AC0AF9B00479461 /* SceneDelegate.swift in Sources */ = {isa = PBXBuildFile; fileRef = FC518B2B2AC0AF9B00479461 /* SceneDelegate.swift */; };
		FC518B312AC0AF9B00479461 /* Main.storyboard in Resources */ = {isa = PBXBuildFile; fileRef = FC518B2F2AC0AF9B00479461 /* Main.storyboard */; };
		FC518B332AC0AF9C00479461 /* Assets.xcassets in Resources */ = {isa = PBXBuildFile; fileRef = FC518B322AC0AF9C00479461 /* Assets.xcassets */; };
		FC518B362AC0AF9C00479461 /* LaunchScreen.storyboard in Resources */ = {isa = PBXBuildFile; fileRef = FC518B342AC0AF9C00479461 /* LaunchScreen.storyboard */; };
		FC518B442AC0B0F300479461 /* Stats.storyboard in Resources */ = {isa = PBXBuildFile; fileRef = FC518B402AC0B0F300479461 /* Stats.storyboard */; };
		FC518B452AC0B0F300479461 /* Home.storyboard in Resources */ = {isa = PBXBuildFile; fileRef = FC518B412AC0B0F300479461 /* Home.storyboard */; };
		FC518B462AC0B0F300479461 /* MyInfo.storyboard in Resources */ = {isa = PBXBuildFile; fileRef = FC518B422AC0B0F300479461 /* MyInfo.storyboard */; };
		FC518B472AC0B0F300479461 /* Diary.storyboard in Resources */ = {isa = PBXBuildFile; fileRef = FC518B432AC0B0F300479461 /* Diary.storyboard */; };
		FC518B492AC0B25800479461 /* Board.storyboard in Resources */ = {isa = PBXBuildFile; fileRef = FC518B482AC0B25800479461 /* Board.storyboard */; };
		FC518B4D2AC0B65C00479461 /* BoardViewController.swift in Sources */ = {isa = PBXBuildFile; fileRef = FC518B4C2AC0B65C00479461 /* BoardViewController.swift */; };
		FC518B572AC0C81600479461 /* AddBoardViewController.swift in Sources */ = {isa = PBXBuildFile; fileRef = FC518B562AC0C81600479461 /* AddBoardViewController.swift */; };
		FC518B632AC269E000479461 /* DiaryViewController.swift in Sources */ = {isa = PBXBuildFile; fileRef = FC518B622AC269E000479461 /* DiaryViewController.swift */; };
		FC7194E72AC3352000391BD4 /* BoardDetailViewController.swift in Sources */ = {isa = PBXBuildFile; fileRef = FC7194E62AC3352000391BD4 /* BoardDetailViewController.swift */; };
		FC7194E92AC33AFD00391BD4 /* AddPetActionViewController.swift in Sources */ = {isa = PBXBuildFile; fileRef = FC7194E82AC33AFD00391BD4 /* AddPetActionViewController.swift */; };
		FC7194EB2AC3413D00391BD4 /* AddDiaryViewController.swift in Sources */ = {isa = PBXBuildFile; fileRef = FC7194EA2AC3413D00391BD4 /* AddDiaryViewController.swift */; };
		FC9303F42AC45A9C00C883C6 /* .gitignore in Resources */ = {isa = PBXBuildFile; fileRef = FC9303F32AC45A9C00C883C6 /* .gitignore */; };
		FC9303F72AC45B1C00C883C6 /* README.md in Resources */ = {isa = PBXBuildFile; fileRef = FC9303F62AC45B1C00C883C6 /* README.md */; };
		FCCE13512AC292C3005B95C9 /* HomeViewController.swift in Sources */ = {isa = PBXBuildFile; fileRef = FCCE13502AC292C3005B95C9 /* HomeViewController.swift */; };
/* End PBXBuildFile section */

/* Begin PBXFileReference section */
		FC518B262AC0AF9B00479461 /* petLifeLog.app */ = {isa = PBXFileReference; explicitFileType = wrapper.application; includeInIndex = 0; path = petLifeLog.app; sourceTree = BUILT_PRODUCTS_DIR; };
		FC518B292AC0AF9B00479461 /* AppDelegate.swift */ = {isa = PBXFileReference; lastKnownFileType = sourcecode.swift; path = AppDelegate.swift; sourceTree = "<group>"; };
		FC518B2B2AC0AF9B00479461 /* SceneDelegate.swift */ = {isa = PBXFileReference; lastKnownFileType = sourcecode.swift; path = SceneDelegate.swift; sourceTree = "<group>"; };
		FC518B302AC0AF9B00479461 /* Base */ = {isa = PBXFileReference; lastKnownFileType = file.storyboard; name = Base; path = Base.lproj/Main.storyboard; sourceTree = "<group>"; };
		FC518B322AC0AF9C00479461 /* Assets.xcassets */ = {isa = PBXFileReference; lastKnownFileType = folder.assetcatalog; path = Assets.xcassets; sourceTree = "<group>"; };
		FC518B352AC0AF9C00479461 /* Base */ = {isa = PBXFileReference; lastKnownFileType = file.storyboard; name = Base; path = Base.lproj/LaunchScreen.storyboard; sourceTree = "<group>"; };
		FC518B372AC0AF9C00479461 /* Info.plist */ = {isa = PBXFileReference; lastKnownFileType = text.plist.xml; path = Info.plist; sourceTree = "<group>"; };
		FC518B402AC0B0F300479461 /* Stats.storyboard */ = {isa = PBXFileReference; fileEncoding = 4; lastKnownFileType = file.storyboard; path = Stats.storyboard; sourceTree = "<group>"; };
		FC518B412AC0B0F300479461 /* Home.storyboard */ = {isa = PBXFileReference; fileEncoding = 4; lastKnownFileType = file.storyboard; path = Home.storyboard; sourceTree = "<group>"; };
		FC518B422AC0B0F300479461 /* MyInfo.storyboard */ = {isa = PBXFileReference; fileEncoding = 4; lastKnownFileType = file.storyboard; path = MyInfo.storyboard; sourceTree = "<group>"; };
		FC518B432AC0B0F300479461 /* Diary.storyboard */ = {isa = PBXFileReference; fileEncoding = 4; lastKnownFileType = file.storyboard; path = Diary.storyboard; sourceTree = "<group>"; };
		FC518B482AC0B25800479461 /* Board.storyboard */ = {isa = PBXFileReference; fileEncoding = 4; lastKnownFileType = file.storyboard; path = Board.storyboard; sourceTree = "<group>"; };
		FC518B4C2AC0B65C00479461 /* BoardViewController.swift */ = {isa = PBXFileReference; lastKnownFileType = sourcecode.swift; path = BoardViewController.swift; sourceTree = "<group>"; };
		FC518B562AC0C81600479461 /* AddBoardViewController.swift */ = {isa = PBXFileReference; lastKnownFileType = sourcecode.swift; path = AddBoardViewController.swift; sourceTree = "<group>"; };
		FC518B622AC269E000479461 /* DiaryViewController.swift */ = {isa = PBXFileReference; lastKnownFileType = sourcecode.swift; path = DiaryViewController.swift; sourceTree = "<group>"; };
		FC7194E62AC3352000391BD4 /* BoardDetailViewController.swift */ = {isa = PBXFileReference; lastKnownFileType = sourcecode.swift; path = BoardDetailViewController.swift; sourceTree = "<group>"; };
		FC7194E82AC33AFD00391BD4 /* AddPetActionViewController.swift */ = {isa = PBXFileReference; lastKnownFileType = sourcecode.swift; path = AddPetActionViewController.swift; sourceTree = "<group>"; };
		FC7194EA2AC3413D00391BD4 /* AddDiaryViewController.swift */ = {isa = PBXFileReference; lastKnownFileType = sourcecode.swift; path = AddDiaryViewController.swift; sourceTree = "<group>"; };
		FC9303F32AC45A9C00C883C6 /* .gitignore */ = {isa = PBXFileReference; lastKnownFileType = text; path = .gitignore; sourceTree = "<group>"; };
		FC9303F52AC45AF500C883C6 /* Config.xcconfig */ = {isa = PBXFileReference; lastKnownFileType = text.xcconfig; path = Config.xcconfig; sourceTree = "<group>"; };
		FC9303F62AC45B1C00C883C6 /* README.md */ = {isa = PBXFileReference; lastKnownFileType = net.daringfireball.markdown; path = README.md; sourceTree = "<group>"; };
		FCCE13502AC292C3005B95C9 /* HomeViewController.swift */ = {isa = PBXFileReference; lastKnownFileType = sourcecode.swift; path = HomeViewController.swift; sourceTree = "<group>"; };
/* End PBXFileReference section */

/* Begin PBXFrameworksBuildPhase section */
		FC518B232AC0AF9B00479461 /* Frameworks */ = {
			isa = PBXFrameworksBuildPhase;
			buildActionMask = 2147483647;
			files = (
			);
			runOnlyForDeploymentPostprocessing = 0;
		};
/* End PBXFrameworksBuildPhase section */

/* Begin PBXGroup section */
		FC518B1D2AC0AF9B00479461 = {
			isa = PBXGroup;
			children = (
				FC9303F32AC45A9C00C883C6 /* .gitignore */,
				FC9303F62AC45B1C00C883C6 /* README.md */,
				FC518B282AC0AF9B00479461 /* petLifeLog */,
				FC518B272AC0AF9B00479461 /* Products */,
			);
			sourceTree = "<group>";
		};
		FC518B272AC0AF9B00479461 /* Products */ = {
			isa = PBXGroup;
			children = (
				FC518B262AC0AF9B00479461 /* petLifeLog.app */,
			);
			name = Products;
			sourceTree = "<group>";
		};
		FC518B282AC0AF9B00479461 /* petLifeLog */ = {
			isa = PBXGroup;
			children = (
				FC518B3F2AC0B05300479461 /* Models */,
				FC518B3E2AC0B03800479461 /* Views */,
				FC518B3D2AC0B02F00479461 /* Controllers */,
				FC518B292AC0AF9B00479461 /* AppDelegate.swift */,
				FC518B2B2AC0AF9B00479461 /* SceneDelegate.swift */,
				FC518B322AC0AF9C00479461 /* Assets.xcassets */,
				FC518B342AC0AF9C00479461 /* LaunchScreen.storyboard */,
				FC518B372AC0AF9C00479461 /* Info.plist */,
				FC9303F52AC45AF500C883C6 /* Config.xcconfig */,
			);
			path = petLifeLog;
			sourceTree = "<group>";
		};
		FC518B3D2AC0B02F00479461 /* Controllers */ = {
			isa = PBXGroup;
			children = (
				FCCE13522AC2932C005B95C9 /* Home */,
				FCCE13532AC29333005B95C9 /* Diary */,
				FCCE13542AC2933F005B95C9 /* Board */,
				FCCE13552AC2934B005B95C9 /* Stats */,
				FCCE13562AC29352005B95C9 /* MyInfo */,
			);
			path = Controllers;
			sourceTree = "<group>";
		};
		FC518B3E2AC0B03800479461 /* Views */ = {
			isa = PBXGroup;
			children = (
				FC518B2F2AC0AF9B00479461 /* Main.storyboard */,
				FC518B412AC0B0F300479461 /* Home.storyboard */,
				FC518B432AC0B0F300479461 /* Diary.storyboard */,
				FC518B482AC0B25800479461 /* Board.storyboard */,
				FC518B402AC0B0F300479461 /* Stats.storyboard */,
				FC518B422AC0B0F300479461 /* MyInfo.storyboard */,
			);
			path = Views;
			sourceTree = "<group>";
		};
		FC518B3F2AC0B05300479461 /* Models */ = {
			isa = PBXGroup;
			children = (
			);
			path = Models;
			sourceTree = "<group>";
		};
		FCCE13522AC2932C005B95C9 /* Home */ = {
			isa = PBXGroup;
			children = (
				FCCE13502AC292C3005B95C9 /* HomeViewController.swift */,
				FC7194E82AC33AFD00391BD4 /* AddPetActionViewController.swift */,
				FC7194EA2AC3413D00391BD4 /* AddDiaryViewController.swift */,
			);
			path = Home;
			sourceTree = "<group>";
		};
		FCCE13532AC29333005B95C9 /* Diary */ = {
			isa = PBXGroup;
			children = (
				FC518B622AC269E000479461 /* DiaryViewController.swift */,
			);
			path = Diary;
			sourceTree = "<group>";
		};
		FCCE13542AC2933F005B95C9 /* Board */ = {
			isa = PBXGroup;
			children = (
				FC518B4C2AC0B65C00479461 /* BoardViewController.swift */,
				FC7194E62AC3352000391BD4 /* BoardDetailViewController.swift */,
				FC518B562AC0C81600479461 /* AddBoardViewController.swift */,
			);
			path = Board;
			sourceTree = "<group>";
		};
		FCCE13552AC2934B005B95C9 /* Stats */ = {
			isa = PBXGroup;
			children = (
			);
			path = Stats;
			sourceTree = "<group>";
		};
		FCCE13562AC29352005B95C9 /* MyInfo */ = {
			isa = PBXGroup;
			children = (
			);
			path = MyInfo;
			sourceTree = "<group>";
		};
/* End PBXGroup section */

/* Begin PBXNativeTarget section */
		FC518B252AC0AF9B00479461 /* petLifeLog */ = {
			isa = PBXNativeTarget;
			buildConfigurationList = FC518B3A2AC0AF9C00479461 /* Build configuration list for PBXNativeTarget "petLifeLog" */;
			buildPhases = (
				FC518B222AC0AF9B00479461 /* Sources */,
				FC518B232AC0AF9B00479461 /* Frameworks */,
				FC518B242AC0AF9B00479461 /* Resources */,
			);
			buildRules = (
			);
			dependencies = (
			);
			name = petLifeLog;
			productName = petLifeLog;
			productReference = FC518B262AC0AF9B00479461 /* petLifeLog.app */;
			productType = "com.apple.product-type.application";
		};
/* End PBXNativeTarget section */

/* Begin PBXProject section */
		FC518B1E2AC0AF9B00479461 /* Project object */ = {
			isa = PBXProject;
			attributes = {
				BuildIndependentTargetsInParallel = 1;
				LastSwiftUpdateCheck = 1430;
				LastUpgradeCheck = 1430;
				TargetAttributes = {
					FC518B252AC0AF9B00479461 = {
						CreatedOnToolsVersion = 14.3.1;
					};
				};
			};
			buildConfigurationList = FC518B212AC0AF9B00479461 /* Build configuration list for PBXProject "petLifeLog" */;
			compatibilityVersion = "Xcode 14.0";
			developmentRegion = en;
			hasScannedForEncodings = 0;
			knownRegions = (
				en,
				Base,
			);
			mainGroup = FC518B1D2AC0AF9B00479461;
			productRefGroup = FC518B272AC0AF9B00479461 /* Products */;
			projectDirPath = "";
			projectRoot = "";
			targets = (
				FC518B252AC0AF9B00479461 /* petLifeLog */,
			);
		};
/* End PBXProject section */

/* Begin PBXResourcesBuildPhase section */
		FC518B242AC0AF9B00479461 /* Resources */ = {
			isa = PBXResourcesBuildPhase;
			buildActionMask = 2147483647;
			files = (
				FC518B472AC0B0F300479461 /* Diary.storyboard in Resources */,
				FC518B362AC0AF9C00479461 /* LaunchScreen.storyboard in Resources */,
				FC9303F72AC45B1C00C883C6 /* README.md in Resources */,
				FC518B452AC0B0F300479461 /* Home.storyboard in Resources */,
				FC518B332AC0AF9C00479461 /* Assets.xcassets in Resources */,
				FC518B442AC0B0F300479461 /* Stats.storyboard in Resources */,
				FC518B462AC0B0F300479461 /* MyInfo.storyboard in Resources */,
				FC518B312AC0AF9B00479461 /* Main.storyboard in Resources */,
				FC9303F42AC45A9C00C883C6 /* .gitignore in Resources */,
				FC518B492AC0B25800479461 /* Board.storyboard in Resources */,
			);
			runOnlyForDeploymentPostprocessing = 0;
		};
/* End PBXResourcesBuildPhase section */

/* Begin PBXSourcesBuildPhase section */
		FC518B222AC0AF9B00479461 /* Sources */ = {
			isa = PBXSourcesBuildPhase;
			buildActionMask = 2147483647;
			files = (
				FC518B2A2AC0AF9B00479461 /* AppDelegate.swift in Sources */,
				FC518B2C2AC0AF9B00479461 /* SceneDelegate.swift in Sources */,
				FC518B632AC269E000479461 /* DiaryViewController.swift in Sources */,
				FC7194E92AC33AFD00391BD4 /* AddPetActionViewController.swift in Sources */,
				FCCE13512AC292C3005B95C9 /* HomeViewController.swift in Sources */,
				FC7194E72AC3352000391BD4 /* BoardDetailViewController.swift in Sources */,
				FC518B572AC0C81600479461 /* AddBoardViewController.swift in Sources */,
				FC7194EB2AC3413D00391BD4 /* AddDiaryViewController.swift in Sources */,
				FC518B4D2AC0B65C00479461 /* BoardViewController.swift in Sources */,
			);
			runOnlyForDeploymentPostprocessing = 0;
		};
/* End PBXSourcesBuildPhase section */

/* Begin PBXVariantGroup section */
		FC518B2F2AC0AF9B00479461 /* Main.storyboard */ = {
			isa = PBXVariantGroup;
			children = (
				FC518B302AC0AF9B00479461 /* Base */,
			);
			name = Main.storyboard;
			sourceTree = "<group>";
		};
		FC518B342AC0AF9C00479461 /* LaunchScreen.storyboard */ = {
			isa = PBXVariantGroup;
			children = (
				FC518B352AC0AF9C00479461 /* Base */,
			);
			name = LaunchScreen.storyboard;
			sourceTree = "<group>";
		};
/* End PBXVariantGroup section */

/* Begin XCBuildConfiguration section */
		FC518B382AC0AF9C00479461 /* Debug */ = {
			isa = XCBuildConfiguration;
			buildSettings = {
				ALWAYS_SEARCH_USER_PATHS = NO;
				CLANG_ANALYZER_NONNULL = YES;
				CLANG_ANALYZER_NUMBER_OBJECT_CONVERSION = YES_AGGRESSIVE;
				CLANG_CXX_LANGUAGE_STANDARD = "gnu++20";
				CLANG_ENABLE_MODULES = YES;
				CLANG_ENABLE_OBJC_ARC = YES;
				CLANG_ENABLE_OBJC_WEAK = YES;
				CLANG_WARN_BLOCK_CAPTURE_AUTORELEASING = YES;
				CLANG_WARN_BOOL_CONVERSION = YES;
				CLANG_WARN_COMMA = YES;
				CLANG_WARN_CONSTANT_CONVERSION = YES;
				CLANG_WARN_DEPRECATED_OBJC_IMPLEMENTATIONS = YES;
				CLANG_WARN_DIRECT_OBJC_ISA_USAGE = YES_ERROR;
				CLANG_WARN_DOCUMENTATION_COMMENTS = YES;
				CLANG_WARN_EMPTY_BODY = YES;
				CLANG_WARN_ENUM_CONVERSION = YES;
				CLANG_WARN_INFINITE_RECURSION = YES;
				CLANG_WARN_INT_CONVERSION = YES;
				CLANG_WARN_NON_LITERAL_NULL_CONVERSION = YES;
				CLANG_WARN_OBJC_IMPLICIT_RETAIN_SELF = YES;
				CLANG_WARN_OBJC_LITERAL_CONVERSION = YES;
				CLANG_WARN_OBJC_ROOT_CLASS = YES_ERROR;
				CLANG_WARN_QUOTED_INCLUDE_IN_FRAMEWORK_HEADER = YES;
				CLANG_WARN_RANGE_LOOP_ANALYSIS = YES;
				CLANG_WARN_STRICT_PROTOTYPES = YES;
				CLANG_WARN_SUSPICIOUS_MOVE = YES;
				CLANG_WARN_UNGUARDED_AVAILABILITY = YES_AGGRESSIVE;
				CLANG_WARN_UNREACHABLE_CODE = YES;
				CLANG_WARN__DUPLICATE_METHOD_MATCH = YES;
				COPY_PHASE_STRIP = NO;
				DEBUG_INFORMATION_FORMAT = dwarf;
				ENABLE_STRICT_OBJC_MSGSEND = YES;
				ENABLE_TESTABILITY = YES;
				GCC_C_LANGUAGE_STANDARD = gnu11;
				GCC_DYNAMIC_NO_PIC = NO;
				GCC_NO_COMMON_BLOCKS = YES;
				GCC_OPTIMIZATION_LEVEL = 0;
				GCC_PREPROCESSOR_DEFINITIONS = (
					"DEBUG=1",
					"$(inherited)",
				);
				GCC_WARN_64_TO_32_BIT_CONVERSION = YES;
				GCC_WARN_ABOUT_RETURN_TYPE = YES_ERROR;
				GCC_WARN_UNDECLARED_SELECTOR = YES;
				GCC_WARN_UNINITIALIZED_AUTOS = YES_AGGRESSIVE;
				GCC_WARN_UNUSED_FUNCTION = YES;
				GCC_WARN_UNUSED_VARIABLE = YES;
				IPHONEOS_DEPLOYMENT_TARGET = 16.4;
				MTL_ENABLE_DEBUG_INFO = INCLUDE_SOURCE;
				MTL_FAST_MATH = YES;
				ONLY_ACTIVE_ARCH = YES;
				SDKROOT = iphoneos;
				SWIFT_ACTIVE_COMPILATION_CONDITIONS = DEBUG;
				SWIFT_OPTIMIZATION_LEVEL = "-Onone";
			};
			name = Debug;
		};
		FC518B392AC0AF9C00479461 /* Release */ = {
			isa = XCBuildConfiguration;
			buildSettings = {
				ALWAYS_SEARCH_USER_PATHS = NO;
				CLANG_ANALYZER_NONNULL = YES;
				CLANG_ANALYZER_NUMBER_OBJECT_CONVERSION = YES_AGGRESSIVE;
				CLANG_CXX_LANGUAGE_STANDARD = "gnu++20";
				CLANG_ENABLE_MODULES = YES;
				CLANG_ENABLE_OBJC_ARC = YES;
				CLANG_ENABLE_OBJC_WEAK = YES;
				CLANG_WARN_BLOCK_CAPTURE_AUTORELEASING = YES;
				CLANG_WARN_BOOL_CONVERSION = YES;
				CLANG_WARN_COMMA = YES;
				CLANG_WARN_CONSTANT_CONVERSION = YES;
				CLANG_WARN_DEPRECATED_OBJC_IMPLEMENTATIONS = YES;
				CLANG_WARN_DIRECT_OBJC_ISA_USAGE = YES_ERROR;
				CLANG_WARN_DOCUMENTATION_COMMENTS = YES;
				CLANG_WARN_EMPTY_BODY = YES;
				CLANG_WARN_ENUM_CONVERSION = YES;
				CLANG_WARN_INFINITE_RECURSION = YES;
				CLANG_WARN_INT_CONVERSION = YES;
				CLANG_WARN_NON_LITERAL_NULL_CONVERSION = YES;
				CLANG_WARN_OBJC_IMPLICIT_RETAIN_SELF = YES;
				CLANG_WARN_OBJC_LITERAL_CONVERSION = YES;
				CLANG_WARN_OBJC_ROOT_CLASS = YES_ERROR;
				CLANG_WARN_QUOTED_INCLUDE_IN_FRAMEWORK_HEADER = YES;
				CLANG_WARN_RANGE_LOOP_ANALYSIS = YES;
				CLANG_WARN_STRICT_PROTOTYPES = YES;
				CLANG_WARN_SUSPICIOUS_MOVE = YES;
				CLANG_WARN_UNGUARDED_AVAILABILITY = YES_AGGRESSIVE;
				CLANG_WARN_UNREACHABLE_CODE = YES;
				CLANG_WARN__DUPLICATE_METHOD_MATCH = YES;
				COPY_PHASE_STRIP = NO;
				DEBUG_INFORMATION_FORMAT = "dwarf-with-dsym";
				ENABLE_NS_ASSERTIONS = NO;
				ENABLE_STRICT_OBJC_MSGSEND = YES;
				GCC_C_LANGUAGE_STANDARD = gnu11;
				GCC_NO_COMMON_BLOCKS = YES;
				GCC_WARN_64_TO_32_BIT_CONVERSION = YES;
				GCC_WARN_ABOUT_RETURN_TYPE = YES_ERROR;
				GCC_WARN_UNDECLARED_SELECTOR = YES;
				GCC_WARN_UNINITIALIZED_AUTOS = YES_AGGRESSIVE;
				GCC_WARN_UNUSED_FUNCTION = YES;
				GCC_WARN_UNUSED_VARIABLE = YES;
				IPHONEOS_DEPLOYMENT_TARGET = 16.4;
				MTL_ENABLE_DEBUG_INFO = NO;
				MTL_FAST_MATH = YES;
				SDKROOT = iphoneos;
				SWIFT_COMPILATION_MODE = wholemodule;
				SWIFT_OPTIMIZATION_LEVEL = "-O";
				VALIDATE_PRODUCT = YES;
			};
			name = Release;
		};
		FC518B3B2AC0AF9C00479461 /* Debug */ = {
			isa = XCBuildConfiguration;
			buildSettings = {
				ASSETCATALOG_COMPILER_APPICON_NAME = AppIcon;
				ASSETCATALOG_COMPILER_GLOBAL_ACCENT_COLOR_NAME = AccentColor;
				CODE_SIGN_STYLE = Automatic;
				CURRENT_PROJECT_VERSION = 1;
				GENERATE_INFOPLIST_FILE = YES;
				INFOPLIST_FILE = petLifeLog/Info.plist;
				INFOPLIST_KEY_UIApplicationSupportsIndirectInputEvents = YES;
				INFOPLIST_KEY_UILaunchStoryboardName = LaunchScreen;
				INFOPLIST_KEY_UIMainStoryboardFile = Main;
				INFOPLIST_KEY_UISupportedInterfaceOrientations_iPad = "UIInterfaceOrientationPortrait UIInterfaceOrientationPortraitUpsideDown UIInterfaceOrientationLandscapeLeft UIInterfaceOrientationLandscapeRight";
				INFOPLIST_KEY_UISupportedInterfaceOrientations_iPhone = "UIInterfaceOrientationPortrait UIInterfaceOrientationLandscapeLeft UIInterfaceOrientationLandscapeRight";
				LD_RUNPATH_SEARCH_PATHS = (
					"$(inherited)",
					"@executable_path/Frameworks",
				);
				MARKETING_VERSION = 1.0;
				PRODUCT_BUNDLE_IDENTIFIER = kr.or.womanup.nambu.cyj.petLifeLog;
				PRODUCT_NAME = "$(TARGET_NAME)";
				SWIFT_EMIT_LOC_STRINGS = YES;
				SWIFT_VERSION = 5.0;
				TARGETED_DEVICE_FAMILY = "1,2";
			};
			name = Debug;
		};
		FC518B3C2AC0AF9C00479461 /* Release */ = {
			isa = XCBuildConfiguration;
			buildSettings = {
				ASSETCATALOG_COMPILER_APPICON_NAME = AppIcon;
				ASSETCATALOG_COMPILER_GLOBAL_ACCENT_COLOR_NAME = AccentColor;
				CODE_SIGN_STYLE = Automatic;
				CURRENT_PROJECT_VERSION = 1;
				GENERATE_INFOPLIST_FILE = YES;
				INFOPLIST_FILE = petLifeLog/Info.plist;
				INFOPLIST_KEY_UIApplicationSupportsIndirectInputEvents = YES;
				INFOPLIST_KEY_UILaunchStoryboardName = LaunchScreen;
				INFOPLIST_KEY_UIMainStoryboardFile = Main;
				INFOPLIST_KEY_UISupportedInterfaceOrientations_iPad = "UIInterfaceOrientationPortrait UIInterfaceOrientationPortraitUpsideDown UIInterfaceOrientationLandscapeLeft UIInterfaceOrientationLandscapeRight";
				INFOPLIST_KEY_UISupportedInterfaceOrientations_iPhone = "UIInterfaceOrientationPortrait UIInterfaceOrientationLandscapeLeft UIInterfaceOrientationLandscapeRight";
				LD_RUNPATH_SEARCH_PATHS = (
					"$(inherited)",
					"@executable_path/Frameworks",
				);
				MARKETING_VERSION = 1.0;
				PRODUCT_BUNDLE_IDENTIFIER = kr.or.womanup.nambu.cyj.petLifeLog;
				PRODUCT_NAME = "$(TARGET_NAME)";
				SWIFT_EMIT_LOC_STRINGS = YES;
				SWIFT_VERSION = 5.0;
				TARGETED_DEVICE_FAMILY = "1,2";
			};
			name = Release;
		};
/* End XCBuildConfiguration section */

/* Begin XCConfigurationList section */
		FC518B212AC0AF9B00479461 /* Build configuration list for PBXProject "petLifeLog" */ = {
			isa = XCConfigurationList;
			buildConfigurations = (
				FC518B382AC0AF9C00479461 /* Debug */,
				FC518B392AC0AF9C00479461 /* Release */,
			);
			defaultConfigurationIsVisible = 0;
			defaultConfigurationName = Release;
		};
		FC518B3A2AC0AF9C00479461 /* Build configuration list for PBXNativeTarget "petLifeLog" */ = {
			isa = XCConfigurationList;
			buildConfigurations = (
				FC518B3B2AC0AF9C00479461 /* Debug */,
				FC518B3C2AC0AF9C00479461 /* Release */,
			);
			defaultConfigurationIsVisible = 0;
			defaultConfigurationName = Release;
		};
/* End XCConfigurationList section */
	};
	rootObject = FC518B1E2AC0AF9B00479461 /* Project object */;
}
